
Microsoft Visual Studio Solution File, Format Version 12.00
# Visual Studio Version 17
VisualStudioVersion = 17.5.002.0
MinimumVisualStudioVersion = 10.0.40219.1
Project("{2150E333-8FDC-42A3-9474-1A3956D46DE8}") = "Finished", "Finished", "{4153745E-0C61-4FD1-A4C4-9DA3CC8D3444}"
EndProject
Project("{2150E333-8FDC-42A3-9474-1A3956D46DE8}") = "Strings", "Strings", "{575A8C96-7B34-4E0D-BF03-D6B66533F07A}"
EndProject
Project("{9A19103F-16F7-4668-BE54-9A1E7A4F7556}") = "Manipulation", "Finished\Strings\Manipulation\Manipulation.csproj", "{60A895EA-6BE1-4870-86DF-882F3F49CBF4}"
EndProject
Project("{9A19103F-16F7-4668-BE54-9A1E7A4F7556}") = "Searching", "Finished\Strings\Searching\Searching.csproj", "{33C54AC7-C937-4D41-BEC9-2A0818C8BF17}"
EndProject
Project("{9A19103F-16F7-4668-BE54-9A1E7A4F7556}") = "Formatting", "Finished\Strings\Formatting\Formatting.csproj", "{8A2E61C9-A68D-4D7F-AB69-C75E6A863DDF}"
EndProject
Project("{9A19103F-16F7-4668-BE54-9A1E7A4F7556}") = "Interpolation", "Finished\Strings\Interpolation\Interpolation.csproj", "{48DD4C65-F9E3-49EC-BABB-51FB48464893}"
EndProject
Project("{2150E333-8FDC-42A3-9474-1A3956D46DE8}") = "Regex", "Regex", "{8CC1AD48-C69B-41E5-AB37-C7885D4E1658}"
EndProject
Project("{9A19103F-16F7-4668-BE54-9A1E7A4F7556}") = "Finding", "Finished\Regex\Finding\Finding.csproj", "{CF09E69E-50A7-4F1B-87C9-2DDE17FDA537}"
EndProject
Project("{9A19103F-16F7-4668-BE54-9A1E7A4F7556}") = "RegexTimeouts", "Finished\Regex\Timeouts\RegexTimeouts.csproj", "{8FC53D77-E1B5-4FD5-8A2B-1E79E4B04A84}"
EndProject
Project("{9A19103F-16F7-4668-BE54-9A1E7A4F7556}") = "Replacing", "Finished\Regex\Replacing\Replacing.csproj", "{3C24DD04-04B5-4E19-B2CE-5D6E82758EDF}"
EndProject
Project("{9A19103F-16F7-4668-BE54-9A1E7A4F7556}") = "Challenge", "Finished\Regex\Challenge\Challenge.csproj", "{3950B7CC-B6C3-4F6A-ACFE-C8B2862AD96A}"
EndProject
Project("{2150E333-8FDC-42A3-9474-1A3956D46DE8}") = "NumbersDates", "NumbersDates", "{62CACBA2-5FCF-45C0-8E37-B398CAE80F12}"
EndProject
Project("{9A19103F-16F7-4668-BE54-9A1E7A4F7556}") = "FormatDates", "Finished\NumbersDates\FormatDates\FormatDates.csproj", "{20BADECB-844D-48C6-AFB4-A60311387620}"
EndProject
Project("{9A19103F-16F7-4668-BE54-9A1E7A4F7556}") = "DateTimeClass", "Finished\NumbersDates\DateTimeClass\DateTimeClass.csproj", "{B4712C35-A79D-40EE-A7C1-B931F624D2AF}"
EndProject
Project("{9A19103F-16F7-4668-BE54-9A1E7A4F7556}") = "FormatNumbers", "Finished\NumbersDates\FormatNumbers\FormatNumbers.csproj", "{9A6728F8-F868-4726-823B-3D5F0A76E888}"
EndProject
Project("{9A19103F-16F7-4668-BE54-9A1E7A4F7556}") = "ParseDates", "Finished\NumbersDates\ParseDates\ParseDates.csproj", "{43C6D7DE-5B65-4C0C-B551-CD5CFC7BFA94}"
EndProject
Project("{9A19103F-16F7-4668-BE54-9A1E7A4F7556}") = "Challenge", "Finished\NumbersDates\Challenge\Challenge.csproj", "{3DD86F32-1A1D-40E0-BC72-57433CE6F682}"
EndProject
Project("{9A19103F-16F7-4668-BE54-9A1E7A4F7556}") = "ParseNumbers", "Finished\NumbersDates\ParseNumbers\ParseNumbers.csproj", "{E6F8EDB3-4F36-4EF9-8083-049161DAFD67}"
EndProject
Project("{2150E333-8FDC-42A3-9474-1A3956D46DE8}") = "Files", "Files", "{62457917-AC69-4D0D-9988-A4ACC908756B}"
EndProject
Project("{9A19103F-16F7-4668-BE54-9A1E7A4F7556}") = "ReadWriteFiles", "Finished\Files\ReadWriteFiles\ReadWriteFiles.csproj", "{1789A532-3D79-45BB-95CA-9978AC5E6D76}"
EndProject
Project("{9A19103F-16F7-4668-BE54-9A1E7A4F7556}") = "FileInfo", "Finished\Files\FileInfo\FileInfo.csproj", "{DF9B295A-C273-4CC5-8D28-C72C43C033A1}"
EndProject
Project("{9A19103F-16F7-4668-BE54-9A1E7A4F7556}") = "Directories", "Finished\Files\Directories\Directories.csproj", "{D5DC80FE-70C5-4D60-ACB6-92302DB42D1C}"
EndProject
Project("{9A19103F-16F7-4668-BE54-9A1E7A4F7556}") = "CreateFiles", "Finished\Files\CreateFiles\CreateFiles.csproj", "{2C977D40-9157-4F11-B0AE-6DF6BC6F05B7}"
EndProject
Project("{9A19103F-16F7-4668-BE54-9A1E7A4F7556}") = "Challenge", "Finished\Files\Challenge\Challenge.csproj", "{9F76D557-ABEA-4D36-AB0B-35021B9F924E}"
EndProject
Project("{2150E333-8FDC-42A3-9474-1A3956D46DE8}") = "Overview", "Overview", "{05CFE524-5C3B-4510-8AC6-500D6BA7DA06}"
EndProject
Project("{9A19103F-16F7-4668-BE54-9A1E7A4F7556}") = "DataTypes", "Finished\Overview\DataTypes\DataTypes.csproj", "{C66DF05A-F6B8-45A5-90D6-797CB3AB621F}"
EndProject
Project("{9A19103F-16F7-4668-BE54-9A1E7A4F7556}") = "MyConsoleApp", "Finished\Overview\MyConsoleApp\MyConsoleApp.csproj", "{39A584A4-4A0C-44F0-86C7-1203B141C61D}"
EndProject
Project("{9A19103F-16F7-4668-BE54-9A1E7A4F7556}") = "GarbageCollect", "Finished\Overview\GarbageCollect\GarbageCollect.csproj", "{59F53E00-EA2B-40A1-9E11-DE9283EBE433}"
EndProject
Project("{2150E333-8FDC-42A3-9474-1A3956D46DE8}") = "Start", "Start", "{A9422D61-4FC1-49A8-A494-6792F7AA0811}"
EndProject
Project("{2150E333-8FDC-42A3-9474-1A3956D46DE8}") = "Strings", "Strings", "{ABA58EA1-6B1E-4CA2-A041-59578AA7F43C}"
EndProject
Project("{9A19103F-16F7-4668-BE54-9A1E7A4F7556}") = "Manipulation", "Start\Strings\Manipulation\Manipulation.csproj", "{B32600D0-210B-49C9-95C8-20168C5C5161}"
EndProject
Project("{9A19103F-16F7-4668-BE54-9A1E7A4F7556}") = "Searching", "Start\Strings\Searching\Searching.csproj", "{4D3C7379-22FD-41FD-83CA-37C286161D3D}"
EndProject
Project("{9A19103F-16F7-4668-BE54-9A1E7A4F7556}") = "Formatting", "Start\Strings\Formatting\Formatting.csproj", "{D5CA2787-4C0B-4AEA-8D74-85250579BFF6}"
EndProject
Project("{9A19103F-16F7-4668-BE54-9A1E7A4F7556}") = "Interpolation", "Start\Strings\Interpolation\Interpolation.csproj", "{DF799472-4247-46AE-885B-37ED533CA7C5}"
EndProject
Project("{2150E333-8FDC-42A3-9474-1A3956D46DE8}") = "Regex", "Regex", "{8F2E179C-069D-4CA0-BC40-4C0F71B4DD39}"
EndProject
Project("{9A19103F-16F7-4668-BE54-9A1E7A4F7556}") = "Finding", "Start\Regex\Finding\Finding.csproj", "{40DB2563-6AB6-4B3B-AFC2-27220A15FE15}"
EndProject
Project("{9A19103F-16F7-4668-BE54-9A1E7A4F7556}") = "RegexTimeouts", "Start\Regex\Timeouts\RegexTimeouts.csproj", "{C14D718F-0214-4C72-BFF9-D3872A2B6C56}"
EndProject
Project("{9A19103F-16F7-4668-BE54-9A1E7A4F7556}") = "Replacing", "Start\Regex\Replacing\Replacing.csproj", "{D2DBD80F-899B-4DA7-864B-17BEED5395A4}"
EndProject
Project("{2150E333-8FDC-42A3-9474-1A3956D46DE8}") = "NumbersDates", "NumbersDates", "{E967F4E2-0421-4B45-AD92-A28F77567992}"
EndProject
Project("{9A19103F-16F7-4668-BE54-9A1E7A4F7556}") = "FormatDates", "Start\NumbersDates\FormatDates\FormatDates.csproj", "{0B374261-6E55-4B29-8146-CA25549ABA69}"
EndProject
Project("{9A19103F-16F7-4668-BE54-9A1E7A4F7556}") = "DateTimeClass", "Start\NumbersDates\DateTimeClass\DateTimeClass.csproj", "{2E8991FD-A8F6-413F-9335-0F62324A0ED4}"
EndProject
Project("{9A19103F-16F7-4668-BE54-9A1E7A4F7556}") = "FormatNumbers", "Start\NumbersDates\FormatNumbers\FormatNumbers.csproj", "{56AAB0F3-517E-4802-A0AB-A7C2733BF18D}"
EndProject
Project("{9A19103F-16F7-4668-BE54-9A1E7A4F7556}") = "ParseDates", "Start\NumbersDates\ParseDates\ParseDates.csproj", "{D797011D-DBFF-489A-8D4B-2B98B8523844}"
EndProject
Project("{9A19103F-16F7-4668-BE54-9A1E7A4F7556}") = "ParseNumbers", "Start\NumbersDates\ParseNumbers\ParseNumbers.csproj", "{444F7426-32D6-4527-8901-0ADECBEF9C2B}"
EndProject
Project("{2150E333-8FDC-42A3-9474-1A3956D46DE8}") = "Files", "Files", "{A3C2D52D-A9DF-431C-8F10-A272A131D739}"
EndProject
Project("{9A19103F-16F7-4668-BE54-9A1E7A4F7556}") = "ReadWriteFiles", "Start\Files\ReadWriteFiles\ReadWriteFiles.csproj", "{CA47A9B7-9F29-46EC-AE6E-11448F7A58C8}"
EndProject
Project("{9A19103F-16F7-4668-BE54-9A1E7A4F7556}") = "FileInfo", "Start\Files\FileInfo\FileInfo.csproj", "{BB0766CF-AD56-44B9-AE9F-310F620AD8B4}"
EndProject
Project("{9A19103F-16F7-4668-BE54-9A1E7A4F7556}") = "Directories", "Start\Files\Directories\Directories.csproj", "{4EF0031F-F967-451A-BB29-9FCF8FB860FF}"
EndProject
Project("{9A19103F-16F7-4668-BE54-9A1E7A4F7556}") = "CreateFiles", "Start\Files\CreateFiles\CreateFiles.csproj", "{C92EBFE0-2FE8-4EE0-BA6A-1C846BA00CF8}"
EndProject
Project("{2150E333-8FDC-42A3-9474-1A3956D46DE8}") = "Overview", "Overview", "{B023DBBC-5169-4E34-A769-843E371103CF}"
EndProject
Project("{9A19103F-16F7-4668-BE54-9A1E7A4F7556}") = "DataTypes", "Start\Overview\DataTypes\DataTypes.csproj", "{FF62FADD-88AB-4823-8F84-7C6294451271}"
EndProject
Project("{9A19103F-16F7-4668-BE54-9A1E7A4F7556}") = "MyConsoleApp", "Start\Overview\MyConsoleApp\MyConsoleApp.csproj", "{58640141-103C-4C2E-96DD-56D7D4B6B3B2}"
EndProject
Project("{9A19103F-16F7-4668-BE54-9A1E7A4F7556}") = "GarbageCollect", "Start\Overview\GarbageCollect\GarbageCollect.csproj", "{C1159EE3-E43C-4D1E-B7E1-F102ADEE6004}"
EndProject
Global
	GlobalSection(SolutionConfigurationPlatforms) = preSolution
		Debug|Any CPU = Debug|Any CPU
		Release|Any CPU = Release|Any CPU
	EndGlobalSection
	GlobalSection(ProjectConfigurationPlatforms) = postSolution
		{60A895EA-6BE1-4870-86DF-882F3F49CBF4}.Debug|Any CPU.ActiveCfg = Debug|Any CPU
		{60A895EA-6BE1-4870-86DF-882F3F49CBF4}.Debug|Any CPU.Build.0 = Debug|Any CPU
		{60A895EA-6BE1-4870-86DF-882F3F49CBF4}.Release|Any CPU.ActiveCfg = Release|Any CPU
		{60A895EA-6BE1-4870-86DF-882F3F49CBF4}.Release|Any CPU.Build.0 = Release|Any CPU
		{33C54AC7-C937-4D41-BEC9-2A0818C8BF17}.Debug|Any CPU.ActiveCfg = Debug|Any CPU
		{33C54AC7-C937-4D41-BEC9-2A0818C8BF17}.Debug|Any CPU.Build.0 = Debug|Any CPU
		{33C54AC7-C937-4D41-BEC9-2A0818C8BF17}.Release|Any CPU.ActiveCfg = Release|Any CPU
		{33C54AC7-C937-4D41-BEC9-2A0818C8BF17}.Release|Any CPU.Build.0 = Release|Any CPU
		{8A2E61C9-A68D-4D7F-AB69-C75E6A863DDF}.Debug|Any CPU.ActiveCfg = Debug|Any CPU
		{8A2E61C9-A68D-4D7F-AB69-C75E6A863DDF}.Debug|Any CPU.Build.0 = Debug|Any CPU
		{8A2E61C9-A68D-4D7F-AB69-C75E6A863DDF}.Release|Any CPU.ActiveCfg = Release|Any CPU
		{8A2E61C9-A68D-4D7F-AB69-C75E6A863DDF}.Release|Any CPU.Build.0 = Release|Any CPU
		{48DD4C65-F9E3-49EC-BABB-51FB48464893}.Debug|Any CPU.ActiveCfg = Debug|Any CPU
		{48DD4C65-F9E3-49EC-BABB-51FB48464893}.Debug|Any CPU.Build.0 = Debug|Any CPU
		{48DD4C65-F9E3-49EC-BABB-51FB48464893}.Release|Any CPU.ActiveCfg = Release|Any CPU
		{48DD4C65-F9E3-49EC-BABB-51FB48464893}.Release|Any CPU.Build.0 = Release|Any CPU
		{CF09E69E-50A7-4F1B-87C9-2DDE17FDA537}.Debug|Any CPU.ActiveCfg = Debug|Any CPU
		{CF09E69E-50A7-4F1B-87C9-2DDE17FDA537}.Debug|Any CPU.Build.0 = Debug|Any CPU
		{CF09E69E-50A7-4F1B-87C9-2DDE17FDA537}.Release|Any CPU.ActiveCfg = Release|Any CPU
		{CF09E69E-50A7-4F1B-87C9-2DDE17FDA537}.Release|Any CPU.Build.0 = Release|Any CPU
		{8FC53D77-E1B5-4FD5-8A2B-1E79E4B04A84}.Debug|Any CPU.ActiveCfg = Debug|Any CPU
		{8FC53D77-E1B5-4FD5-8A2B-1E79E4B04A84}.Debug|Any CPU.Build.0 = Debug|Any CPU
		{8FC53D77-E1B5-4FD5-8A2B-1E79E4B04A84}.Release|Any CPU.ActiveCfg = Release|Any CPU
		{8FC53D77-E1B5-4FD5-8A2B-1E79E4B04A84}.Release|Any CPU.Build.0 = Release|Any CPU
		{3C24DD04-04B5-4E19-B2CE-5D6E82758EDF}.Debug|Any CPU.ActiveCfg = Debug|Any CPU
		{3C24DD04-04B5-4E19-B2CE-5D6E82758EDF}.Debug|Any CPU.Build.0 = Debug|Any CPU
		{3C24DD04-04B5-4E19-B2CE-5D6E82758EDF}.Release|Any CPU.ActiveCfg = Release|Any CPU
		{3C24DD04-04B5-4E19-B2CE-5D6E82758EDF}.Release|Any CPU.Build.0 = Release|Any CPU
		{3950B7CC-B6C3-4F6A-ACFE-C8B2862AD96A}.Debug|Any CPU.ActiveCfg = Debug|Any CPU
		{3950B7CC-B6C3-4F6A-ACFE-C8B2862AD96A}.Debug|Any CPU.Build.0 = Debug|Any CPU
		{3950B7CC-B6C3-4F6A-ACFE-C8B2862AD96A}.Release|Any CPU.ActiveCfg = Release|Any CPU
		{3950B7CC-B6C3-4F6A-ACFE-C8B2862AD96A}.Release|Any CPU.Build.0 = Release|Any CPU
		{20BADECB-844D-48C6-AFB4-A60311387620}.Debug|Any CPU.ActiveCfg = Debug|Any CPU
		{20BADECB-844D-48C6-AFB4-A60311387620}.Debug|Any CPU.Build.0 = Debug|Any CPU
		{20BADECB-844D-48C6-AFB4-A60311387620}.Release|Any CPU.ActiveCfg = Release|Any CPU
		{20BADECB-844D-48C6-AFB4-A60311387620}.Release|Any CPU.Build.0 = Release|Any CPU
		{B4712C35-A79D-40EE-A7C1-B931F624D2AF}.Debug|Any CPU.ActiveCfg = Debug|Any CPU
		{B4712C35-A79D-40EE-A7C1-B931F624D2AF}.Debug|Any CPU.Build.0 = Debug|Any CPU
		{B4712C35-A79D-40EE-A7C1-B931F624D2AF}.Release|Any CPU.ActiveCfg = Release|Any CPU
		{B4712C35-A79D-40EE-A7C1-B931F624D2AF}.Release|Any CPU.Build.0 = Release|Any CPU
		{9A6728F8-F868-4726-823B-3D5F0A76E888}.Debug|Any CPU.ActiveCfg = Debug|Any CPU
		{9A6728F8-F868-4726-823B-3D5F0A76E888}.Debug|Any CPU.Build.0 = Debug|Any CPU
		{9A6728F8-F868-4726-823B-3D5F0A76E888}.Release|Any CPU.ActiveCfg = Release|Any CPU
		{9A6728F8-F868-4726-823B-3D5F0A76E888}.Release|Any CPU.Build.0 = Release|Any CPU
		{43C6D7DE-5B65-4C0C-B551-CD5CFC7BFA94}.Debug|Any CPU.ActiveCfg = Debug|Any CPU
		{43C6D7DE-5B65-4C0C-B551-CD5CFC7BFA94}.Debug|Any CPU.Build.0 = Debug|Any CPU
		{43C6D7DE-5B65-4C0C-B551-CD5CFC7BFA94}.Release|Any CPU.ActiveCfg = Release|Any CPU
		{43C6D7DE-5B65-4C0C-B551-CD5CFC7BFA94}.Release|Any CPU.Build.0 = Release|Any CPU
		{3DD86F32-1A1D-40E0-BC72-57433CE6F682}.Debug|Any CPU.ActiveCfg = Debug|Any CPU
		{3DD86F32-1A1D-40E0-BC72-57433CE6F682}.Debug|Any CPU.Build.0 = Debug|Any CPU
		{3DD86F32-1A1D-40E0-BC72-57433CE6F682}.Release|Any CPU.ActiveCfg = Release|Any CPU
		{3DD86F32-1A1D-40E0-BC72-57433CE6F682}.Release|Any CPU.Build.0 = Release|Any CPU
		{E6F8EDB3-4F36-4EF9-8083-049161DAFD67}.Debug|Any CPU.ActiveCfg = Debug|Any CPU
		{E6F8EDB3-4F36-4EF9-8083-049161DAFD67}.Debug|Any CPU.Build.0 = Debug|Any CPU
		{E6F8EDB3-4F36-4EF9-8083-049161DAFD67}.Release|Any CPU.ActiveCfg = Release|Any CPU
		{E6F8EDB3-4F36-4EF9-8083-049161DAFD67}.Release|Any CPU.Build.0 = Release|Any CPU
		{1789A532-3D79-45BB-95CA-9978AC5E6D76}.Debug|Any CPU.ActiveCfg = Debug|Any CPU
		{1789A532-3D79-45BB-95CA-9978AC5E6D76}.Debug|Any CPU.Build.0 = Debug|Any CPU
		{1789A532-3D79-45BB-95CA-9978AC5E6D76}.Release|Any CPU.ActiveCfg = Release|Any CPU
		{1789A532-3D79-45BB-95CA-9978AC5E6D76}.Release|Any CPU.Build.0 = Release|Any CPU
		{DF9B295A-C273-4CC5-8D28-C72C43C033A1}.Debug|Any CPU.ActiveCfg = Debug|Any CPU
		{DF9B295A-C273-4CC5-8D28-C72C43C033A1}.Debug|Any CPU.Build.0 = Debug|Any CPU
		{DF9B295A-C273-4CC5-8D28-C72C43C033A1}.Release|Any CPU.ActiveCfg = Release|Any CPU
		{DF9B295A-C273-4CC5-8D28-C72C43C033A1}.Release|Any CPU.Build.0 = Release|Any CPU
		{D5DC80FE-70C5-4D60-ACB6-92302DB42D1C}.Debug|Any CPU.ActiveCfg = Debug|Any CPU
		{D5DC80FE-70C5-4D60-ACB6-92302DB42D1C}.Debug|Any CPU.Build.0 = Debug|Any CPU
		{D5DC80FE-70C5-4D60-ACB6-92302DB42D1C}.Release|Any CPU.ActiveCfg = Release|Any CPU
		{D5DC80FE-70C5-4D60-ACB6-92302DB42D1C}.Release|Any CPU.Build.0 = Release|Any CPU
		{2C977D40-9157-4F11-B0AE-6DF6BC6F05B7}.Debug|Any CPU.ActiveCfg = Debug|Any CPU
		{2C977D40-9157-4F11-B0AE-6DF6BC6F05B7}.Debug|Any CPU.Build.0 = Debug|Any CPU
		{2C977D40-9157-4F11-B0AE-6DF6BC6F05B7}.Release|Any CPU.ActiveCfg = Release|Any CPU
		{2C977D40-9157-4F11-B0AE-6DF6BC6F05B7}.Release|Any CPU.Build.0 = Release|Any CPU
		{9F76D557-ABEA-4D36-AB0B-35021B9F924E}.Debug|Any CPU.ActiveCfg = Debug|Any CPU
		{9F76D557-ABEA-4D36-AB0B-35021B9F924E}.Debug|Any CPU.Build.0 = Debug|Any CPU
		{9F76D557-ABEA-4D36-AB0B-35021B9F924E}.Release|Any CPU.ActiveCfg = Release|Any CPU
		{9F76D557-ABEA-4D36-AB0B-35021B9F924E}.Release|Any CPU.Build.0 = Release|Any CPU
		{C66DF05A-F6B8-45A5-90D6-797CB3AB621F}.Debug|Any CPU.ActiveCfg = Debug|Any CPU
		{C66DF05A-F6B8-45A5-90D6-797CB3AB621F}.Debug|Any CPU.Build.0 = Debug|Any CPU
		{C66DF05A-F6B8-45A5-90D6-797CB3AB621F}.Release|Any CPU.ActiveCfg = Release|Any CPU
		{C66DF05A-F6B8-45A5-90D6-797CB3AB621F}.Release|Any CPU.Build.0 = Release|Any CPU
		{39A584A4-4A0C-44F0-86C7-1203B141C61D}.Debug|Any CPU.ActiveCfg = Debug|Any CPU
		{39A584A4-4A0C-44F0-86C7-1203B141C61D}.Debug|Any CPU.Build.0 = Debug|Any CPU
		{39A584A4-4A0C-44F0-86C7-1203B141C61D}.Release|Any CPU.ActiveCfg = Release|Any CPU
		{39A584A4-4A0C-44F0-86C7-1203B141C61D}.Release|Any CPU.Build.0 = Release|Any CPU
		{59F53E00-EA2B-40A1-9E11-DE9283EBE433}.Debug|Any CPU.ActiveCfg = Debug|Any CPU
		{59F53E00-EA2B-40A1-9E11-DE9283EBE433}.Debug|Any CPU.Build.0 = Debug|Any CPU
		{59F53E00-EA2B-40A1-9E11-DE9283EBE433}.Release|Any CPU.ActiveCfg = Release|Any CPU
		{59F53E00-EA2B-40A1-9E11-DE9283EBE433}.Release|Any CPU.Build.0 = Release|Any CPU
		{B32600D0-210B-49C9-95C8-20168C5C5161}.Debug|Any CPU.ActiveCfg = Debug|Any CPU
		{B32600D0-210B-49C9-95C8-20168C5C5161}.Debug|Any CPU.Build.0 = Debug|Any CPU
		{B32600D0-210B-49C9-95C8-20168C5C5161}.Release|Any CPU.ActiveCfg = Release|Any CPU
		{B32600D0-210B-49C9-95C8-20168C5C5161}.Release|Any CPU.Build.0 = Release|Any CPU
		{4D3C7379-22FD-41FD-83CA-37C286161D3D}.Debug|Any CPU.ActiveCfg = Debug|Any CPU
		{4D3C7379-22FD-41FD-83CA-37C286161D3D}.Debug|Any CPU.Build.0 = Debug|Any CPU
		{4D3C7379-22FD-41FD-83CA-37C286161D3D}.Release|Any CPU.ActiveCfg = Release|Any CPU
		{4D3C7379-22FD-41FD-83CA-37C286161D3D}.Release|Any CPU.Build.0 = Release|Any CPU
		{D5CA2787-4C0B-4AEA-8D74-85250579BFF6}.Debug|Any CPU.ActiveCfg = Debug|Any CPU
		{D5CA2787-4C0B-4AEA-8D74-85250579BFF6}.Debug|Any CPU.Build.0 = Debug|Any CPU
		{D5CA2787-4C0B-4AEA-8D74-85250579BFF6}.Release|Any CPU.ActiveCfg = Release|Any CPU
		{D5CA2787-4C0B-4AEA-8D74-85250579BFF6}.Release|Any CPU.Build.0 = Release|Any CPU
		{DF799472-4247-46AE-885B-37ED533CA7C5}.Debug|Any CPU.ActiveCfg = Debug|Any CPU
		{DF799472-4247-46AE-885B-37ED533CA7C5}.Debug|Any CPU.Build.0 = Debug|Any CPU
		{DF799472-4247-46AE-885B-37ED533CA7C5}.Release|Any CPU.ActiveCfg = Release|Any CPU
		{DF799472-4247-46AE-885B-37ED533CA7C5}.Release|Any CPU.Build.0 = Release|Any CPU
		{40DB2563-6AB6-4B3B-AFC2-27220A15FE15}.Debug|Any CPU.ActiveCfg = Debug|Any CPU
		{40DB2563-6AB6-4B3B-AFC2-27220A15FE15}.Debug|Any CPU.Build.0 = Debug|Any CPU
		{40DB2563-6AB6-4B3B-AFC2-27220A15FE15}.Release|Any CPU.ActiveCfg = Release|Any CPU
		{40DB2563-6AB6-4B3B-AFC2-27220A15FE15}.Release|Any CPU.Build.0 = Release|Any CPU
		{C14D718F-0214-4C72-BFF9-D3872A2B6C56}.Debug|Any CPU.ActiveCfg = Debug|Any CPU
		{C14D718F-0214-4C72-BFF9-D3872A2B6C56}.Debug|Any CPU.Build.0 = Debug|Any CPU
		{C14D718F-0214-4C72-BFF9-D3872A2B6C56}.Release|Any CPU.ActiveCfg = Release|Any CPU
		{C14D718F-0214-4C72-BFF9-D3872A2B6C56}.Release|Any CPU.Build.0 = Release|Any CPU
		{D2DBD80F-899B-4DA7-864B-17BEED5395A4}.Debug|Any CPU.ActiveCfg = Debug|Any CPU
		{D2DBD80F-899B-4DA7-864B-17BEED5395A4}.Debug|Any CPU.Build.0 = Debug|Any CPU
		{D2DBD80F-899B-4DA7-864B-17BEED5395A4}.Release|Any CPU.ActiveCfg = Release|Any CPU
		{D2DBD80F-899B-4DA7-864B-17BEED5395A4}.Release|Any CPU.Build.0 = Release|Any CPU
		{0B374261-6E55-4B29-8146-CA25549ABA69}.Debug|Any CPU.ActiveCfg = Debug|Any CPU
		{0B374261-6E55-4B29-8146-CA25549ABA69}.Debug|Any CPU.Build.0 = Debug|Any CPU
		{0B374261-6E55-4B29-8146-CA25549ABA69}.Release|Any CPU.ActiveCfg = Release|Any CPU
		{0B374261-6E55-4B29-8146-CA25549ABA69}.Release|Any CPU.Build.0 = Release|Any CPU
		{2E8991FD-A8F6-413F-9335-0F62324A0ED4}.Debug|Any CPU.ActiveCfg = Debug|Any CPU
		{2E8991FD-A8F6-413F-9335-0F62324A0ED4}.Debug|Any CPU.Build.0 = Debug|Any CPU
		{2E8991FD-A8F6-413F-9335-0F62324A0ED4}.Release|Any CPU.ActiveCfg = Release|Any CPU
		{2E8991FD-A8F6-413F-9335-0F62324A0ED4}.Release|Any CPU.Build.0 = Release|Any CPU
		{56AAB0F3-517E-4802-A0AB-A7C2733BF18D}.Debug|Any CPU.ActiveCfg = Debug|Any CPU
		{56AAB0F3-517E-4802-A0AB-A7C2733BF18D}.Debug|Any CPU.Build.0 = Debug|Any CPU
		{56AAB0F3-517E-4802-A0AB-A7C2733BF18D}.Release|Any CPU.ActiveCfg = Release|Any CPU
		{56AAB0F3-517E-4802-A0AB-A7C2733BF18D}.Release|Any CPU.Build.0 = Release|Any CPU
		{D797011D-DBFF-489A-8D4B-2B98B8523844}.Debug|Any CPU.ActiveCfg = Debug|Any CPU
		{D797011D-DBFF-489A-8D4B-2B98B8523844}.Debug|Any CPU.Build.0 = Debug|Any CPU
		{D797011D-DBFF-489A-8D4B-2B98B8523844}.Release|Any CPU.ActiveCfg = Release|Any CPU
		{D797011D-DBFF-489A-8D4B-2B98B8523844}.Release|Any CPU.Build.0 = Release|Any CPU
		{444F7426-32D6-4527-8901-0ADECBEF9C2B}.Debug|Any CPU.ActiveCfg = Debug|Any CPU
		{444F7426-32D6-4527-8901-0ADECBEF9C2B}.Debug|Any CPU.Build.0 = Debug|Any CPU
		{444F7426-32D6-4527-8901-0ADECBEF9C2B}.Release|Any CPU.ActiveCfg = Release|Any CPU
		{444F7426-32D6-4527-8901-0ADECBEF9C2B}.Release|Any CPU.Build.0 = Release|Any CPU
		{CA47A9B7-9F29-46EC-AE6E-11448F7A58C8}.Debug|Any CPU.ActiveCfg = Debug|Any CPU
		{CA47A9B7-9F29-46EC-AE6E-11448F7A58C8}.Debug|Any CPU.Build.0 = Debug|Any CPU
		{CA47A9B7-9F29-46EC-AE6E-11448F7A58C8}.Release|Any CPU.ActiveCfg = Release|Any CPU
		{CA47A9B7-9F29-46EC-AE6E-11448F7A58C8}.Release|Any CPU.Build.0 = Release|Any CPU
		{BB0766CF-AD56-44B9-AE9F-310F620AD8B4}.Debug|Any CPU.ActiveCfg = Debug|Any CPU
		{BB0766CF-AD56-44B9-AE9F-310F620AD8B4}.Debug|Any CPU.Build.0 = Debug|Any CPU
		{BB0766CF-AD56-44B9-AE9F-310F620AD8B4}.Release|Any CPU.ActiveCfg = Release|Any CPU
		{BB0766CF-AD56-44B9-AE9F-310F620AD8B4}.Release|Any CPU.Build.0 = Release|Any CPU
		{4EF0031F-F967-451A-BB29-9FCF8FB860FF}.Debug|Any CPU.ActiveCfg = Debug|Any CPU
		{4EF0031F-F967-451A-BB29-9FCF8FB860FF}.Debug|Any CPU.Build.0 = Debug|Any CPU
		{4EF0031F-F967-451A-BB29-9FCF8FB860FF}.Release|Any CPU.ActiveCfg = Release|Any CPU
		{4EF0031F-F967-451A-BB29-9FCF8FB860FF}.Release|Any CPU.Build.0 = Release|Any CPU
		{C92EBFE0-2FE8-4EE0-BA6A-1C846BA00CF8}.Debug|Any CPU.ActiveCfg = Debug|Any CPU
		{C92EBFE0-2FE8-4EE0-BA6A-1C846BA00CF8}.Debug|Any CPU.Build.0 = Debug|Any CPU
		{C92EBFE0-2FE8-4EE0-BA6A-1C846BA00CF8}.Release|Any CPU.ActiveCfg = Release|Any CPU
		{C92EBFE0-2FE8-4EE0-BA6A-1C846BA00CF8}.Release|Any CPU.Build.0 = Release|Any CPU
		{FF62FADD-88AB-4823-8F84-7C6294451271}.Debug|Any CPU.ActiveCfg = Debug|Any CPU
		{FF62FADD-88AB-4823-8F84-7C6294451271}.Debug|Any CPU.Build.0 = Debug|Any CPU
		{FF62FADD-88AB-4823-8F84-7C6294451271}.Release|Any CPU.ActiveCfg = Release|Any CPU
		{FF62FADD-88AB-4823-8F84-7C6294451271}.Release|Any CPU.Build.0 = Release|Any CPU
		{58640141-103C-4C2E-96DD-56D7D4B6B3B2}.Debug|Any CPU.ActiveCfg = Debug|Any CPU
		{58640141-103C-4C2E-96DD-56D7D4B6B3B2}.Debug|Any CPU.Build.0 = Debug|Any CPU
		{58640141-103C-4C2E-96DD-56D7D4B6B3B2}.Release|Any CPU.ActiveCfg = Release|Any CPU
		{58640141-103C-4C2E-96DD-56D7D4B6B3B2}.Release|Any CPU.Build.0 = Release|Any CPU
		{C1159EE3-E43C-4D1E-B7E1-F102ADEE6004}.Debug|Any CPU.ActiveCfg = Debug|Any CPU
		{C1159EE3-E43C-4D1E-B7E1-F102ADEE6004}.Debug|Any CPU.Build.0 = Debug|Any CPU
		{C1159EE3-E43C-4D1E-B7E1-F102ADEE6004}.Release|Any CPU.ActiveCfg = Release|Any CPU
		{C1159EE3-E43C-4D1E-B7E1-F102ADEE6004}.Release|Any CPU.Build.0 = Release|Any CPU
	EndGlobalSection
	GlobalSection(SolutionProperties) = preSolution
		HideSolutionNode = FALSE
	EndGlobalSection
	GlobalSection(NestedProjects) = preSolution
		{575A8C96-7B34-4E0D-BF03-D6B66533F07A} = {4153745E-0C61-4FD1-A4C4-9DA3CC8D3444}
		{60A895EA-6BE1-4870-86DF-882F3F49CBF4} = {575A8C96-7B34-4E0D-BF03-D6B66533F07A}
		{33C54AC7-C937-4D41-BEC9-2A0818C8BF17} = {575A8C96-7B34-4E0D-BF03-D6B66533F07A}
		{8A2E61C9-A68D-4D7F-AB69-C75E6A863DDF} = {575A8C96-7B34-4E0D-BF03-D6B66533F07A}
		{48DD4C65-F9E3-49EC-BABB-51FB48464893} = {575A8C96-7B34-4E0D-BF03-D6B66533F07A}
		{8CC1AD48-C69B-41E5-AB37-C7885D4E1658} = {4153745E-0C61-4FD1-A4C4-9DA3CC8D3444}
		{CF09E69E-50A7-4F1B-87C9-2DDE17FDA537} = {8CC1AD48-C69B-41E5-AB37-C7885D4E1658}
		{8FC53D77-E1B5-4FD5-8A2B-1E79E4B04A84} = {8CC1AD48-C69B-41E5-AB37-C7885D4E1658}
		{3C24DD04-04B5-4E19-B2CE-5D6E82758EDF} = {8CC1AD48-C69B-41E5-AB37-C7885D4E1658}
		{3950B7CC-B6C3-4F6A-ACFE-C8B2862AD96A} = {8CC1AD48-C69B-41E5-AB37-C7885D4E1658}
		{62CACBA2-5FCF-45C0-8E37-B398CAE80F12} = {4153745E-0C61-4FD1-A4C4-9DA3CC8D3444}
		{20BADECB-844D-48C6-AFB4-A60311387620} = {62CACBA2-5FCF-45C0-8E37-B398CAE80F12}
		{B4712C35-A79D-40EE-A7C1-B931F624D2AF} = {62CACBA2-5FCF-45C0-8E37-B398CAE80F12}
		{9A6728F8-F868-4726-823B-3D5F0A76E888} = {62CACBA2-5FCF-45C0-8E37-B398CAE80F12}
		{43C6D7DE-5B65-4C0C-B551-CD5CFC7BFA94} = {62CACBA2-5FCF-45C0-8E37-B398CAE80F12}
		{3DD86F32-1A1D-40E0-BC72-57433CE6F682} = {62CACBA2-5FCF-45C0-8E37-B398CAE80F12}
		{E6F8EDB3-4F36-4EF9-8083-049161DAFD67} = {62CACBA2-5FCF-45C0-8E37-B398CAE80F12}
		{62457917-AC69-4D0D-9988-A4ACC908756B} = {4153745E-0C61-4FD1-A4C4-9DA3CC8D3444}
		{1789A532-3D79-45BB-95CA-9978AC5E6D76} = {62457917-AC69-4D0D-9988-A4ACC908756B}
		{DF9B295A-C273-4CC5-8D28-C72C43C033A1} = {62457917-AC69-4D0D-9988-A4ACC908756B}
		{D5DC80FE-70C5-4D60-ACB6-92302DB42D1C} = {62457917-AC69-4D0D-9988-A4ACC908756B}
		{2C977D40-9157-4F11-B0AE-6DF6BC6F05B7} = {62457917-AC69-4D0D-9988-A4ACC908756B}
		{9F76D557-ABEA-4D36-AB0B-35021B9F924E} = {62457917-AC69-4D0D-9988-A4ACC908756B}
		{05CFE524-5C3B-4510-8AC6-500D6BA7DA06} = {4153745E-0C61-4FD1-A4C4-9DA3CC8D3444}
		{C66DF05A-F6B8-45A5-90D6-797CB3AB621F} = {05CFE524-5C3B-4510-8AC6-500D6BA7DA06}
		{39A584A4-4A0C-44F0-86C7-1203B141C61D} = {05CFE524-5C3B-4510-8AC6-500D6BA7DA06}
		{59F53E00-EA2B-40A1-9E11-DE9283EBE433} = {05CFE524-5C3B-4510-8AC6-500D6BA7DA06}
		{ABA58EA1-6B1E-4CA2-A041-59578AA7F43C} = {A9422D61-4FC1-49A8-A494-6792F7AA0811}
		{B32600D0-210B-49C9-95C8-20168C5C5161} = {ABA58EA1-6B1E-4CA2-A041-59578AA7F43C}
		{4D3C7379-22FD-41FD-83CA-37C286161D3D} = {ABA58EA1-6B1E-4CA2-A041-59578AA7F43C}
		{D5CA2787-4C0B-4AEA-8D74-85250579BFF6} = {ABA58EA1-6B1E-4CA2-A041-59578AA7F43C}
		{DF799472-4247-46AE-885B-37ED533CA7C5} = {ABA58EA1-6B1E-4CA2-A041-59578AA7F43C}
		{8F2E179C-069D-4CA0-BC40-4C0F71B4DD39} = {A9422D61-4FC1-49A8-A494-6792F7AA0811}
		{40DB2563-6AB6-4B3B-AFC2-27220A15FE15} = {8F2E179C-069D-4CA0-BC40-4C0F71B4DD39}
		{C14D718F-0214-4C72-BFF9-D3872A2B6C56} = {8F2E179C-069D-4CA0-BC40-4C0F71B4DD39}
		{D2DBD80F-899B-4DA7-864B-17BEED5395A4} = {8F2E179C-069D-4CA0-BC40-4C0F71B4DD39}
		{E967F4E2-0421-4B45-AD92-A28F77567992} = {A9422D61-4FC1-49A8-A494-6792F7AA0811}
		{0B374261-6E55-4B29-8146-CA25549ABA69} = {E967F4E2-0421-4B45-AD92-A28F77567992}
		{2E8991FD-A8F6-413F-9335-0F62324A0ED4} = {E967F4E2-0421-4B45-AD92-A28F77567992}
		{56AAB0F3-517E-4802-A0AB-A7C2733BF18D} = {E967F4E2-0421-4B45-AD92-A28F77567992}
		{D797011D-DBFF-489A-8D4B-2B98B8523844} = {E967F4E2-0421-4B45-AD92-A28F77567992}
		{444F7426-32D6-4527-8901-0ADECBEF9C2B} = {E967F4E2-0421-4B45-AD92-A28F77567992}
		{A3C2D52D-A9DF-431C-8F10-A272A131D739} = {A9422D61-4FC1-49A8-A494-6792F7AA0811}
		{CA47A9B7-9F29-46EC-AE6E-11448F7A58C8} = {A3C2D52D-A9DF-431C-8F10-A272A131D739}
		{BB0766CF-AD56-44B9-AE9F-310F620AD8B4} = {A3C2D52D-A9DF-431C-8F10-A272A131D739}
		{4EF0031F-F967-451A-BB29-9FCF8FB860FF} = {A3C2D52D-A9DF-431C-8F10-A272A131D739}
		{C92EBFE0-2FE8-4EE0-BA6A-1C846BA00CF8} = {A3C2D52D-A9DF-431C-8F10-A272A131D739}
		{B023DBBC-5169-4E34-A769-843E371103CF} = {A9422D61-4FC1-49A8-A494-6792F7AA0811}
		{FF62FADD-88AB-4823-8F84-7C6294451271} = {B023DBBC-5169-4E34-A769-843E371103CF}
		{58640141-103C-4C2E-96DD-56D7D4B6B3B2} = {B023DBBC-5169-4E34-A769-843E371103CF}
		{C1159EE3-E43C-4D1E-B7E1-F102ADEE6004} = {B023DBBC-5169-4E34-A769-843E371103CF}
	EndGlobalSection
	GlobalSection(ExtensibilityGlobals) = postSolution
		SolutionGuid = {E3D09D5B-ABAA-49F2-BA84-A942D3A2E3C0}
	EndGlobalSection
EndGlobal
